
Microsoft Visual Studio Solution File, Format Version 12.00
# Visual Studio Version 16
VisualStudioVersion = 16.0.31727.386
MinimumVisualStudioVersion = 10.0.40219.1
Project("{8BC9CEB8-8B4A-11D0-8D11-00A0C91BC942}") = "lan1_DataTypes", "lan1_DataTypes\lan1_DataTypes.vcxproj", "{51DE1294-4FE6-4958-B7C3-33FB566212E5}"
EndProject
Project("{8BC9CEB8-8B4A-11D0-8D11-00A0C91BC942}") = "Lab3.1", "Lab3.1\Lab3.1.vcxproj", "{2CEE2E0B-2DDB-4B59-9F79-86C08A2126F6}"
EndProject
Project("{8BC9CEB8-8B4A-11D0-8D11-00A0C91BC942}") = "Lab3.2", "Lab3.2\Lab3.2.vcxproj", "{1ABB460A-175F-4F53-975D-166935082096}"
EndProject
Project("{8BC9CEB8-8B4A-11D0-8D11-00A0C91BC942}") = "Lab4.1", "Lab4.1\Lab4.1.vcxproj", "{199763FD-9793-4C19-8EC4-8773C995E8B4}"
EndProject
Project("{8BC9CEB8-8B4A-11D0-8D11-00A0C91BC942}") = "Lab5.1", "Lab5.1\Lab5.1.vcxproj", "{92EEB478-131E-4B5A-A35E-309A6BC55771}"
EndProject
Project("{8BC9CEB8-8B4A-11D0-8D11-00A0C91BC942}") = "Lab6.1", "Lab6.1\Lab6.1.vcxproj", "{19C43F7A-F97C-4BC7-A613-D0833213B822}"
EndProject
Project("{8BC9CEB8-8B4A-11D0-8D11-00A0C91BC942}") = "lab_6.2", "lab_6.2\lab_6.2.vcxproj", "{26571303-3872-44CE-8B2A-89BC48AB5F85}"
EndProject
Project("{8BC9CEB8-8B4A-11D0-8D11-00A0C91BC942}") = "6.3", "6.3\6.3.vcxproj", "{46ECC8C5-AB5C-48F3-BA9E-5BD12E570BC3}"
EndProject
Project("{8BC9CEB8-8B4A-11D0-8D11-00A0C91BC942}") = "lab_6.4", "lab_6.4\lab_6.4.vcxproj", "{2B7C3425-F4D4-41CF-AA63-B1B52D5603E7}"
EndProject
Project("{8BC9CEB8-8B4A-11D0-8D11-00A0C91BC942}") = "lab_6.5", "lab_6.5\lab_6.5.vcxproj", "{072AB221-6D50-4E48-AE8A-E2DA4AA2CFEF}"
EndProject
Project("{8BC9CEB8-8B4A-11D0-8D11-00A0C91BC942}") = "lab_6.6", "lab_6.6\lab_6.6.vcxproj", "{209A2D4C-291E-4C83-9970-81045DB7CF95}"
EndProject
Project("{8BC9CEB8-8B4A-11D0-8D11-00A0C91BC942}") = "lab_5.2", "lab_5.2\lab_5.2.vcxproj", "{358CF3BB-0386-45B2-836A-63077F0BF949}"
EndProject
Project("{8BC9CEB8-8B4A-11D0-8D11-00A0C91BC942}") = "lab_5.3", "lab_5.3\lab_5.3.vcxproj", "{9719B903-C76D-44E7-863E-CAFE41CE8300}"
EndProject
Project("{8BC9CEB8-8B4A-11D0-8D11-00A0C91BC942}") = "lab_5.4", "lab_5.4\lab_5.4.vcxproj", "{DB18B7DA-9D69-4099-B4EC-0B9FB52EA695}"
EndProject
Global
	GlobalSection(SolutionConfigurationPlatforms) = preSolution
		Debug|x64 = Debug|x64
		Debug|x86 = Debug|x86
		Release|x64 = Release|x64
		Release|x86 = Release|x86
	EndGlobalSection
	GlobalSection(ProjectConfigurationPlatforms) = postSolution
		{51DE1294-4FE6-4958-B7C3-33FB566212E5}.Debug|x64.ActiveCfg = Debug|x64
		{51DE1294-4FE6-4958-B7C3-33FB566212E5}.Debug|x64.Build.0 = Debug|x64
		{51DE1294-4FE6-4958-B7C3-33FB566212E5}.Debug|x86.ActiveCfg = Debug|Win32
		{51DE1294-4FE6-4958-B7C3-33FB566212E5}.Debug|x86.Build.0 = Debug|Win32
		{51DE1294-4FE6-4958-B7C3-33FB566212E5}.Release|x64.ActiveCfg = Release|x64
		{51DE1294-4FE6-4958-B7C3-33FB566212E5}.Release|x64.Build.0 = Release|x64
		{51DE1294-4FE6-4958-B7C3-33FB566212E5}.Release|x86.ActiveCfg = Release|Win32
		{51DE1294-4FE6-4958-B7C3-33FB566212E5}.Release|x86.Build.0 = Release|Win32
		{2CEE2E0B-2DDB-4B59-9F79-86C08A2126F6}.Debug|x64.ActiveCfg = Debug|x64
		{2CEE2E0B-2DDB-4B59-9F79-86C08A2126F6}.Debug|x64.Build.0 = Debug|x64
		{2CEE2E0B-2DDB-4B59-9F79-86C08A2126F6}.Debug|x86.ActiveCfg = Debug|Win32
		{2CEE2E0B-2DDB-4B59-9F79-86C08A2126F6}.Debug|x86.Build.0 = Debug|Win32
		{2CEE2E0B-2DDB-4B59-9F79-86C08A2126F6}.Release|x64.ActiveCfg = Release|x64
		{2CEE2E0B-2DDB-4B59-9F79-86C08A2126F6}.Release|x64.Build.0 = Release|x64
		{2CEE2E0B-2DDB-4B59-9F79-86C08A2126F6}.Release|x86.ActiveCfg = Release|Win32
		{2CEE2E0B-2DDB-4B59-9F79-86C08A2126F6}.Release|x86.Build.0 = Release|Win32
		{1ABB460A-175F-4F53-975D-166935082096}.Debug|x64.ActiveCfg = Debug|x64
		{1ABB460A-175F-4F53-975D-166935082096}.Debug|x64.Build.0 = Debug|x64
		{1ABB460A-175F-4F53-975D-166935082096}.Debug|x86.ActiveCfg = Debug|Win32
		{1ABB460A-175F-4F53-975D-166935082096}.Debug|x86.Build.0 = Debug|Win32
		{1ABB460A-175F-4F53-975D-166935082096}.Release|x64.ActiveCfg = Release|x64
		{1ABB460A-175F-4F53-975D-166935082096}.Release|x64.Build.0 = Release|x64
		{1ABB460A-175F-4F53-975D-166935082096}.Release|x86.ActiveCfg = Release|Win32
		{1ABB460A-175F-4F53-975D-166935082096}.Release|x86.Build.0 = Release|Win32
		{199763FD-9793-4C19-8EC4-8773C995E8B4}.Debug|x64.ActiveCfg = Debug|x64
		{199763FD-9793-4C19-8EC4-8773C995E8B4}.Debug|x64.Build.0 = Debug|x64
		{199763FD-9793-4C19-8EC4-8773C995E8B4}.Debug|x86.ActiveCfg = Debug|Win32
		{199763FD-9793-4C19-8EC4-8773C995E8B4}.Debug|x86.Build.0 = Debug|Win32
		{199763FD-9793-4C19-8EC4-8773C995E8B4}.Release|x64.ActiveCfg = Release|x64
		{199763FD-9793-4C19-8EC4-8773C995E8B4}.Release|x64.Build.0 = Release|x64
		{199763FD-9793-4C19-8EC4-8773C995E8B4}.Release|x86.ActiveCfg = Release|Win32
		{199763FD-9793-4C19-8EC4-8773C995E8B4}.Release|x86.Build.0 = Release|Win32
		{92EEB478-131E-4B5A-A35E-309A6BC55771}.Debug|x64.ActiveCfg = Debug|x64
		{92EEB478-131E-4B5A-A35E-309A6BC55771}.Debug|x64.Build.0 = Debug|x64
		{92EEB478-131E-4B5A-A35E-309A6BC55771}.Debug|x86.ActiveCfg = Debug|Win32
		{92EEB478-131E-4B5A-A35E-309A6BC55771}.Debug|x86.Build.0 = Debug|Win32
		{92EEB478-131E-4B5A-A35E-309A6BC55771}.Release|x64.ActiveCfg = Release|x64
		{92EEB478-131E-4B5A-A35E-309A6BC55771}.Release|x64.Build.0 = Release|x64
		{92EEB478-131E-4B5A-A35E-309A6BC55771}.Release|x86.ActiveCfg = Release|Win32
		{92EEB478-131E-4B5A-A35E-309A6BC55771}.Release|x86.Build.0 = Release|Win32
		{19C43F7A-F97C-4BC7-A613-D0833213B822}.Debug|x64.ActiveCfg = Debug|x64
		{19C43F7A-F97C-4BC7-A613-D0833213B822}.Debug|x64.Build.0 = Debug|x64
		{19C43F7A-F97C-4BC7-A613-D0833213B822}.Debug|x86.ActiveCfg = Debug|Win32
		{19C43F7A-F97C-4BC7-A613-D0833213B822}.Debug|x86.Build.0 = Debug|Win32
		{19C43F7A-F97C-4BC7-A613-D0833213B822}.Release|x64.ActiveCfg = Release|x64
		{19C43F7A-F97C-4BC7-A613-D0833213B822}.Release|x64.Build.0 = Release|x64
		{19C43F7A-F97C-4BC7-A613-D0833213B822}.Release|x86.ActiveCfg = Release|Win32
		{19C43F7A-F97C-4BC7-A613-D0833213B822}.Release|x86.Build.0 = Release|Win32
		{26571303-3872-44CE-8B2A-89BC48AB5F85}.Debug|x64.ActiveCfg = Debug|x64
		{26571303-3872-44CE-8B2A-89BC48AB5F85}.Debug|x64.Build.0 = Debug|x64
		{26571303-3872-44CE-8B2A-89BC48AB5F85}.Debug|x86.ActiveCfg = Debug|Win32
		{26571303-3872-44CE-8B2A-89BC48AB5F85}.Debug|x86.Build.0 = Debug|Win32
		{26571303-3872-44CE-8B2A-89BC48AB5F85}.Release|x64.ActiveCfg = Release|x64
		{26571303-3872-44CE-8B2A-89BC48AB5F85}.Release|x64.Build.0 = Release|x64
		{26571303-3872-44CE-8B2A-89BC48AB5F85}.Release|x86.ActiveCfg = Release|Win32
		{26571303-3872-44CE-8B2A-89BC48AB5F85}.Release|x86.Build.0 = Release|Win32
		{46ECC8C5-AB5C-48F3-BA9E-5BD12E570BC3}.Debug|x64.ActiveCfg = Debug|x64
		{46ECC8C5-AB5C-48F3-BA9E-5BD12E570BC3}.Debug|x64.Build.0 = Debug|x64
		{46ECC8C5-AB5C-48F3-BA9E-5BD12E570BC3}.Debug|x86.ActiveCfg = Debug|Win32
		{46ECC8C5-AB5C-48F3-BA9E-5BD12E570BC3}.Debug|x86.Build.0 = Debug|Win32
		{46ECC8C5-AB5C-48F3-BA9E-5BD12E570BC3}.Release|x64.ActiveCfg = Release|x64
		{46ECC8C5-AB5C-48F3-BA9E-5BD12E570BC3}.Release|x64.Build.0 = Release|x64
		{46ECC8C5-AB5C-48F3-BA9E-5BD12E570BC3}.Release|x86.ActiveCfg = Release|Win32
		{46ECC8C5-AB5C-48F3-BA9E-5BD12E570BC3}.Release|x86.Build.0 = Release|Win32
		{2B7C3425-F4D4-41CF-AA63-B1B52D5603E7}.Debug|x64.ActiveCfg = Debug|x64
		{2B7C3425-F4D4-41CF-AA63-B1B52D5603E7}.Debug|x64.Build.0 = Debug|x64
		{2B7C3425-F4D4-41CF-AA63-B1B52D5603E7}.Debug|x86.ActiveCfg = Debug|Win32
		{2B7C3425-F4D4-41CF-AA63-B1B52D5603E7}.Debug|x86.Build.0 = Debug|Win32
		{2B7C3425-F4D4-41CF-AA63-B1B52D5603E7}.Release|x64.ActiveCfg = Release|x64
		{2B7C3425-F4D4-41CF-AA63-B1B52D5603E7}.Release|x64.Build.0 = Release|x64
		{2B7C3425-F4D4-41CF-AA63-B1B52D5603E7}.Release|x86.ActiveCfg = Release|Win32
		{2B7C3425-F4D4-41CF-AA63-B1B52D5603E7}.Release|x86.Build.0 = Release|Win32
		{072AB221-6D50-4E48-AE8A-E2DA4AA2CFEF}.Debug|x64.ActiveCfg = Debug|x64
		{072AB221-6D50-4E48-AE8A-E2DA4AA2CFEF}.Debug|x64.Build.0 = Debug|x64
		{072AB221-6D50-4E48-AE8A-E2DA4AA2CFEF}.Debug|x86.ActiveCfg = Debug|Win32
		{072AB221-6D50-4E48-AE8A-E2DA4AA2CFEF}.Debug|x86.Build.0 = Debug|Win32
		{072AB221-6D50-4E48-AE8A-E2DA4AA2CFEF}.Release|x64.ActiveCfg = Release|x64
		{072AB221-6D50-4E48-AE8A-E2DA4AA2CFEF}.Release|x64.Build.0 = Release|x64
		{072AB221-6D50-4E48-AE8A-E2DA4AA2CFEF}.Release|x86.ActiveCfg = Release|Win32
		{072AB221-6D50-4E48-AE8A-E2DA4AA2CFEF}.Release|x86.Build.0 = Release|Win32
		{209A2D4C-291E-4C83-9970-81045DB7CF95}.Debug|x64.ActiveCfg = Debug|x64
		{209A2D4C-291E-4C83-9970-81045DB7CF95}.Debug|x64.Build.0 = Debug|x64
		{209A2D4C-291E-4C83-9970-81045DB7CF95}.Debug|x86.ActiveCfg = Debug|Win32
		{209A2D4C-291E-4C83-9970-81045DB7CF95}.Debug|x86.Build.0 = Debug|Win32
		{209A2D4C-291E-4C83-9970-81045DB7CF95}.Release|x64.ActiveCfg = Release|x64
		{209A2D4C-291E-4C83-9970-81045DB7CF95}.Release|x64.Build.0 = Release|x64
		{209A2D4C-291E-4C83-9970-81045DB7CF95}.Release|x86.ActiveCfg = Release|Win32
		{209A2D4C-291E-4C83-9970-81045DB7CF95}.Release|x86.Build.0 = Release|Win32
		{358CF3BB-0386-45B2-836A-63077F0BF949}.Debug|x64.ActiveCfg = Debug|x64
		{358CF3BB-0386-45B2-836A-63077F0BF949}.Debug|x64.Build.0 = Debug|x64
		{358CF3BB-0386-45B2-836A-63077F0BF949}.Debug|x86.ActiveCfg = Debug|Win32
		{358CF3BB-0386-45B2-836A-63077F0BF949}.Debug|x86.Build.0 = Debug|Win32
		{358CF3BB-0386-45B2-836A-63077F0BF949}.Release|x64.ActiveCfg = Release|x64
		{358CF3BB-0386-45B2-836A-63077F0BF949}.Release|x64.Build.0 = Release|x64
		{358CF3BB-0386-45B2-836A-63077F0BF949}.Release|x86.ActiveCfg = Release|Win32
		{358CF3BB-0386-45B2-836A-63077F0BF949}.Release|x86.Build.0 = Release|Win32
		{9719B903-C76D-44E7-863E-CAFE41CE8300}.Debug|x64.ActiveCfg = Debug|x64
		{9719B903-C76D-44E7-863E-CAFE41CE8300}.Debug|x64.Build.0 = Debug|x64
		{9719B903-C76D-44E7-863E-CAFE41CE8300}.Debug|x86.ActiveCfg = Debug|Win32
		{9719B903-C76D-44E7-863E-CAFE41CE8300}.Debug|x86.Build.0 = Debug|Win32
		{9719B903-C76D-44E7-863E-CAFE41CE8300}.Release|x64.ActiveCfg = Release|x64
		{9719B903-C76D-44E7-863E-CAFE41CE8300}.Release|x64.Build.0 = Release|x64
		{9719B903-C76D-44E7-863E-CAFE41CE8300}.Release|x86.ActiveCfg = Release|Win32
		{9719B903-C76D-44E7-863E-CAFE41CE8300}.Release|x86.Build.0 = Release|Win32
		{DB18B7DA-9D69-4099-B4EC-0B9FB52EA695}.Debug|x64.ActiveCfg = Debug|x64
		{DB18B7DA-9D69-4099-B4EC-0B9FB52EA695}.Debug|x64.Build.0 = Debug|x64
		{DB18B7DA-9D69-4099-B4EC-0B9FB52EA695}.Debug|x86.ActiveCfg = Debug|Win32
		{DB18B7DA-9D69-4099-B4EC-0B9FB52EA695}.Debug|x86.Build.0 = Debug|Win32
		{DB18B7DA-9D69-4099-B4EC-0B9FB52EA695}.Release|x64.ActiveCfg = Release|x64
		{DB18B7DA-9D69-4099-B4EC-0B9FB52EA695}.Release|x64.Build.0 = Release|x64
		{DB18B7DA-9D69-4099-B4EC-0B9FB52EA695}.Release|x86.ActiveCfg = Release|Win32
		{DB18B7DA-9D69-4099-B4EC-0B9FB52EA695}.Release|x86.Build.0 = Release|Win32
	EndGlobalSection
	GlobalSection(SolutionProperties) = preSolution
		HideSolutionNode = FALSE
	EndGlobalSection
	GlobalSection(ExtensibilityGlobals) = postSolution
		SolutionGuid = {CFB1F905-1FAB-439E-8DBA-C9AD8929304E}
	EndGlobalSection
EndGlobal
